// !$*UTF8*$!
{
	archiveVersion = 1;
	classes = {
	};
	objectVersion = 46;
	objects = {

/* Begin PBXBuildFile section */
		5F4290381D1BD7C7008AE603 /* AppDelegate.swift in Sources */ = {isa = PBXBuildFile; fileRef = 5F4290371D1BD7C7008AE603 /* AppDelegate.swift */; };
		5F42903A1D1BD7C7008AE603 /* ViewController.swift in Sources */ = {isa = PBXBuildFile; fileRef = 5F4290391D1BD7C7008AE603 /* ViewController.swift */; };
		5F42903D1D1BD7C8008AE603 /* Main.storyboard in Resources */ = {isa = PBXBuildFile; fileRef = 5F42903B1D1BD7C8008AE603 /* Main.storyboard */; };
		5F42903F1D1BD7C8008AE603 /* Assets.xcassets in Resources */ = {isa = PBXBuildFile; fileRef = 5F42903E1D1BD7C8008AE603 /* Assets.xcassets */; };
		5F4290421D1BD7C8008AE603 /* LaunchScreen.storyboard in Resources */ = {isa = PBXBuildFile; fileRef = 5F4290401D1BD7C8008AE603 /* LaunchScreen.storyboard */; };
		5FAD2F521D1BF7C7006579FF /* SettingsViewController.swift in Sources */ = {isa = PBXBuildFile; fileRef = 5FAD2F511D1BF7C7006579FF /* SettingsViewController.swift */; };
/* End PBXBuildFile section */

/* Begin PBXFileReference section */
		5F4290341D1BD7C7008AE603 /* tips.app */ = {isa = PBXFileReference; explicitFileType = wrapper.application; includeInIndex = 0; path = tips.app; sourceTree = BUILT_PRODUCTS_DIR; };
		5F4290371D1BD7C7008AE603 /* AppDelegate.swift */ = {isa = PBXFileReference; lastKnownFileType = sourcecode.swift; path = AppDelegate.swift; sourceTree = "<group>"; };
		5F4290391D1BD7C7008AE603 /* ViewController.swift */ = {isa = PBXFileReference; lastKnownFileType = sourcecode.swift; path = ViewController.swift; sourceTree = "<group>"; };
		5F42903C1D1BD7C8008AE603 /* Base */ = {isa = PBXFileReference; lastKnownFileType = file.storyboard; name = Base; path = Base.lproj/Main.storyboard; sourceTree = "<group>"; };
		5F42903E1D1BD7C8008AE603 /* Assets.xcassets */ = {isa = PBXFileReference; lastKnownFileType = folder.assetcatalog; path = Assets.xcassets; sourceTree = "<group>"; };
		5F4290411D1BD7C8008AE603 /* Base */ = {isa = PBXFileReference; lastKnownFileType = file.storyboard; name = Base; path = Base.lproj/LaunchScreen.storyboard; sourceTree = "<group>"; };
		5F4290431D1BD7C8008AE603 /* Info.plist */ = {isa = PBXFileReference; lastKnownFileType = text.plist.xml; path = Info.plist; sourceTree = "<group>"; };
		5FAD2F511D1BF7C7006579FF /* SettingsViewController.swift */ = {isa = PBXFileReference; fileEncoding = 4; lastKnownFileType = sourcecode.swift; path = SettingsViewController.swift; sourceTree = "<group>"; };
/* End PBXFileReference section */

/* Begin PBXFrameworksBuildPhase section */
		5F4290311D1BD7C7008AE603 /* Frameworks */ = {
			isa = PBXFrameworksBuildPhase;
			buildActionMask = 2147483647;
			files = (
			);
			runOnlyForDeploymentPostprocessing = 0;
		};
/* End PBXFrameworksBuildPhase section */

/* Begin PBXGroup section */
		5F42902B1D1BD7C7008AE603 = {
			isa = PBXGroup;
			children = (
				5F4290361D1BD7C7008AE603 /* tips */,
				5F4290351D1BD7C7008AE603 /* Products */,
			);
			sourceTree = "<group>";
		};
		5F4290351D1BD7C7008AE603 /* Products */ = {
			isa = PBXGroup;
			children = (
				5F4290341D1BD7C7008AE603 /* tips.app */,
			);
			name = Products;
			sourceTree = "<group>";
		};
		5F4290361D1BD7C7008AE603 /* tips */ = {
			isa = PBXGroup;
			children = (
				5F4290371D1BD7C7008AE603 /* AppDelegate.swift */,
				5F4290391D1BD7C7008AE603 /* ViewController.swift */,
				5F42903B1D1BD7C8008AE603 /* Main.storyboard */,
				5FAD2F511D1BF7C7006579FF /* SettingsViewController.swift */,
				5F42903E1D1BD7C8008AE603 /* Assets.xcassets */,
				5F4290401D1BD7C8008AE603 /* LaunchScreen.storyboard */,
				5F4290431D1BD7C8008AE603 /* Info.plist */,
			);
			path = tips;
			sourceTree = "<group>";
		};
/* End PBXGroup section */

/* Begin PBXNativeTarget section */
		5F4290331D1BD7C7008AE603 /* tips */ = {
			isa = PBXNativeTarget;
			buildConfigurationList = 5F4290461D1BD7C8008AE603 /* Build configuration list for PBXNativeTarget "tips" */;
			buildPhases = (
				5F4290301D1BD7C7008AE603 /* Sources */,
				5F4290311D1BD7C7008AE603 /* Frameworks */,
				5F4290321D1BD7C7008AE603 /* Resources */,
			);
			buildRules = (
			);
			dependencies = (
			);
			name = tips;
			productName = tips;
			productReference = 5F4290341D1BD7C7008AE603 /* tips.app */;
			productType = "com.apple.product-type.application";
		};
/* End PBXNativeTarget section */

/* Begin PBXProject section */
		5F42902C1D1BD7C7008AE603 /* Project object */ = {
			isa = PBXProject;
			attributes = {
				LastSwiftUpdateCheck = 0730;
				LastUpgradeCheck = 0730;
				ORGANIZATIONNAME = ihomev2_2;
				TargetAttributes = {
					5F4290331D1BD7C7008AE603 = {
						CreatedOnToolsVersion = 7.3.1;
						DevelopmentTeam = NYW26QSPJB;
					};
				};
			};
			buildConfigurationList = 5F42902F1D1BD7C7008AE603 /* Build configuration list for PBXProject "tips" */;
			compatibilityVersion = "Xcode 3.2";
			developmentRegion = English;
			hasScannedForEncodings = 0;
			knownRegions = (
				en,
				Base,
			);
			mainGroup = 5F42902B1D1BD7C7008AE603;
			productRefGroup = 5F4290351D1BD7C7008AE603 /* Products */;
			projectDirPath = "";
			projectRoot = "";
			targets = (
				5F4290331D1BD7C7008AE603 /* tips */,
			);
		};
/* End PBXProject section */

/* Begin PBXResourcesBuildPhase section */
		5F4290321D1BD7C7008AE603 /* Resources */ = {
			isa = PBXResourcesBuildPhase;
			buildActionMask = 2147483647;
			files = (
				5F4290421D1BD7C8008AE603 /* LaunchScreen.storyboard in Resources */,
				5F42903F1D1BD7C8008AE603 /* Assets.xcassets in Resources */,
				5F42903D1D1BD7C8008AE603 /* Main.storyboard in Resources */,
			);
			runOnlyForDeploymentPostprocessing = 0;
		};
/* End PBXResourcesBuildPhase section */

/* Begin PBXSourcesBuildPhase section */
		5F4290301D1BD7C7008AE603 /* Sources */ = {
			isa = PBXSourcesBuildPhase;
			buildActionMask = 2147483647;
			files = (
				5F42903A1D1BD7C7008AE603 /* ViewController.swift in Sources */,
				5F4290381D1BD7C7008AE603 /* AppDelegate.swift in Sources */,
				5FAD2F521D1BF7C7006579FF /* SettingsViewController.swift in Sources */,
			);
			runOnlyForDeploymentPostprocessing = 0;
		};
/* End PBXSourcesBuildPhase section */

/* Begin PBXVariantGroup section */
		5F42903B1D1BD7C8008AE603 /* Main.storyboard */ = {
			isa = PBXVariantGroup;
			children = (
				5F42903C1D1BD7C8008AE603 /* Base */,
			);
			name = Main.storyboard;
			sourceTree = "<group>";
		};
		5F4290401D1BD7C8008AE603 /* LaunchScreen.storyboard */ = {
			isa = PBXVariantGroup;
			children = (
				5F4290411D1BD7C8008AE603 /* Base */,
			);
			name = LaunchScreen.storyboard;
			sourceTree = "<group>";
		};
/* End PBXVariantGroup section */

/* Begin XCBuildConfiguration section */
		5F4290441D1BD7C8008AE603 /* Debug */ = {
			isa = XCBuildConfiguration;
			buildSettings = {
				ALWAYS_SEARCH_USER_PATHS = NO;
				CLANG_ANALYZER_NONNULL = YES;
				CLANG_CXX_LANGUAGE_STANDARD = "gnu++0x";
				CLANG_CXX_LIBRARY = "libc++";
				CLANG_ENABLE_MODULES = YES;
				CLANG_ENABLE_OBJC_ARC = YES;
				CLANG_WARN_BOOL_CONVERSION = YES;
				CLANG_WARN_CONSTANT_CONVERSION = YES;
				CLANG_WARN_DIRECT_OBJC_ISA_USAGE = YES_ERROR;
				CLANG_WARN_EMPTY_BODY = YES;
				CLANG_WARN_ENUM_CONVERSION = YES;
				CLANG_WARN_INT_CONVERSION = YES;
				CLANG_WARN_OBJC_ROOT_CLASS = YES_ERROR;
				CLANG_WARN_UNREACHABLE_CODE = YES;
				CLANG_WARN__DUPLICATE_METHOD_MATCH = YES;
				"CODE_SIGN_IDENTITY[sdk=iphoneos*]" = "iPhone Developer";
				COPY_PHASE_STRIP = NO;
				DEBUG_INFORMATION_FORMAT = dwarf;
				ENABLE_STRICT_OBJC_MSGSEND = YES;
				ENABLE_TESTABILITY = YES;
				GCC_C_LANGUAGE_STANDARD = gnu99;
				GCC_DYNAMIC_NO_PIC = NO;
				GCC_NO_COMMON_BLOCKS = YES;
				GCC_OPTIMIZATION_LEVEL = 0;
				GCC_PREPROCESSOR_DEFINITIONS = (
					"DEBUG=1",
					"$(inherited)",
				);
				GCC_WARN_64_TO_32_BIT_CONVERSION = YES;
				GCC_WARN_ABOUT_RETURN_TYPE = YES_ERROR;
				GCC_WARN_UNDECLARED_SELECTOR = YES;
				GCC_WARN_UNINITIALIZED_AUTOS = YES_AGGRESSIVE;
				GCC_WARN_UNUSED_FUNCTION = YES;
				GCC_WARN_UNUSED_VARIABLE = YES;
				IPHONEOS_DEPLOYMENT_TARGET = 6.0;
				MTL_ENABLE_DEBUG_INFO = YES;
				ONLY_ACTIVE_ARCH = YES;
				SDKROOT = iphoneos;
				SWIFT_OPTIMIZATION_LEVEL = "-Onone";
			};
			name = Debug;
		};
		5F4290451D1BD7C8008AE603 /* Release */ = {
			isa = XCBuildConfiguration;
			buildSettings = {
				ALWAYS_SEARCH_USER_PATHS = NO;
				CLANG_ANALYZER_NONNULL = YES;
				CLANG_CXX_LANGUAGE_STANDARD = "gnu++0x";
				CLANG_CXX_LIBRARY = "libc++";
				CLANG_ENABLE_MODULES = YES;
				CLANG_ENABLE_OBJC_ARC = YES;
				CLANG_WARN_BOOL_CONVERSION = YES;
				CLANG_WARN_CONSTANT_CONVERSION = YES;
				CLANG_WARN_DIRECT_OBJC_ISA_USAGE = YES_ERROR;
				CLANG_WARN_EMPTY_BODY = YES;
				CLANG_WARN_ENUM_CONVERSION = YES;
				CLANG_WARN_INT_CONVERSION = YES;
				CLANG_WARN_OBJC_ROOT_CLASS = YES_ERROR;
				CLANG_WARN_UNREACHABLE_CODE = YES;
				CLANG_WARN__DUPLICATE_METHOD_MATCH = YES;
				"CODE_SIGN_IDENTITY[sdk=iphoneos*]" = "iPhone Developer";
				COPY_PHASE_STRIP = NO;
				DEBUG_INFORMATION_FORMAT = "dwarf-with-dsym";
				ENABLE_NS_ASSERTIONS = NO;
				ENABLE_STRICT_OBJC_MSGSEND = YES;
				GCC_C_LANGUAGE_STANDARD = gnu99;
				GCC_NO_COMMON_BLOCKS = YES;
				GCC_WARN_64_TO_32_BIT_CONVERSION = YES;
				GCC_WARN_ABOUT_RETURN_TYPE = YES_ERROR;
				GCC_WARN_UNDECLARED_SELECTOR = YES;
				GCC_WARN_UNINITIALIZED_AUTOS = YES_AGGRESSIVE;
				GCC_WARN_UNUSED_FUNCTION = YES;
				GCC_WARN_UNUSED_VARIABLE = YES;
				IPHONEOS_DEPLOYMENT_TARGET = 6.0;
				MTL_ENABLE_DEBUG_INFO = NO;
				SDKROOT = iphoneos;
				VALIDATE_PRODUCT = YES;
			};
			name = Release;
		};
		5F4290471D1BD7C8008AE603 /* Debug */ = {
			isa = XCBuildConfiguration;
			buildSettings = {
				ASSETCATALOG_COMPILER_APPICON_NAME = AppIcon;
				INFOPLIST_FILE = tips/Info.plist;
				IPHONEOS_DEPLOYMENT_TARGET = 9.3;
				LD_RUNPATH_SEARCH_PATHS = "$(inherited) @executable_path/Frameworks";
				PRODUCT_BUNDLE_IDENTIFIER = ihome.tips;
				PRODUCT_NAME = "$(TARGET_NAME)";
			};
			name = Debug;
		};
		5F4290481D1BD7C8008AE603 /* Release */ = {
			isa = XCBuildConfiguration;
			buildSettings = {
				ASSETCATALOG_COMPILER_APPICON_NAME = AppIcon;
				INFOPLIST_FILE = tips/Info.plist;
				IPHONEOS_DEPLOYMENT_TARGET = 9.3;
				LD_RUNPATH_SEARCH_PATHS = "$(inherited) @executable_path/Frameworks";
				PRODUCT_BUNDLE_IDENTIFIER = ihome.tips;
				PRODUCT_NAME = "$(TARGET_NAME)";
			};
			name = Release;
		};
/* End XCBuildConfiguration section */

/* Begin XCConfigurationList section */
		5F42902F1D1BD7C7008AE603 /* Build configuration list for PBXProject "tips" */ = {
			isa = XCConfigurationList;
			buildConfigurations = (
				5F4290441D1BD7C8008AE603 /* Debug */,
				5F4290451D1BD7C8008AE603 /* Release */,
			);
			defaultConfigurationIsVisible = 0;
			defaultConfigurationName = Release;
		};
		5F4290461D1BD7C8008AE603 /* Build configuration list for PBXNativeTarget "tips" */ = {
			isa = XCConfigurationList;
			buildConfigurations = (
				5F4290471D1BD7C8008AE603 /* Debug */,
				5F4290481D1BD7C8008AE603 /* Release */,
			);
			defaultConfigurationIsVisible = 0;
			defaultConfigurationName = Release;
		};
/* End XCConfigurationList section */
	};
	rootObject = 5F42902C1D1BD7C7008AE603 /* Project object */;
}
